{
  "name": "sass",
  "version": "1.0.0",
  "lockfileVersion": 2,
  "requires": true,
  "packages": {
    "": {
      "version": "1.0.0",
      "license": "ISC",
      "dependencies": {
        "ag-grid-community": "^25.3.0"
      },
      "devDependencies": {}
    },
    "node_modules/ag-grid-community": {
      "version": "25.3.0",
      "resolved": "https://registry.npmjs.org/ag-grid-community/-/ag-grid-community-25.3.0.tgz",
      "integrity": "sha512-Xe4NZG0PP9kvhila1uHU4BeVfLDCWBmcuBYLBZ+49jvK+jYpuwdAjV3AwIlxpZGRR3WTdBUvUkSz9rmi2DRE3Q=="
    }
  },
  "dependencies": {
    "ag-grid-community": {
      "version": "25.3.0",
      "resolved": "https://registry.npmjs.org/ag-grid-community/-/ag-grid-community-25.3.0.tgz",
      "integrity": "sha512-Xe4NZG0PP9kvhila1uHU4BeVfLDCWBmcuBYLBZ+49jvK+jYpuwdAjV3AwIlxpZGRR3WTdBUvUkSz9rmi2DRE3Q=="
    }
  }
}
